
Microsoft Visual Studio Solution File, Format Version 12.00
# Visual Studio 15
VisualStudioVersion = 15.0.27428.2043
MinimumVisualStudioVersion = 10.0.40219.1
Project("{FAE04EC0-301F-11D3-BF4B-00C04F79EFBC}") = "extraFeaturesExercises", "extraFeaturesExercises\extraFeaturesExercises.csproj", "{97FCCE7F-78EB-4DC5-87D8-A45FA2321709}"
EndProject
Global
	GlobalSection(SolutionConfigurationPlatforms) = preSolution
		Debug|Any CPU = Debug|Any CPU
		Release|Any CPU = Release|Any CPU
	EndGlobalSection
	GlobalSection(ProjectConfigurationPlatforms) = postSolution
		{97FCCE7F-78EB-4DC5-87D8-A45FA2321709}.Debug|Any CPU.ActiveCfg = Debug|Any CPU
		{97FCCE7F-78EB-4DC5-87D8-A45FA2321709}.Debug|Any CPU.Build.0 = Debug|Any CPU
		{97FCCE7F-78EB-4DC5-87D8-A45FA2321709}.Release|Any CPU.ActiveCfg = Release|Any CPU
		{97FCCE7F-78EB-4DC5-87D8-A45FA2321709}.Release|Any CPU.Build.0 = Release|Any CPU
	EndGlobalSection
	GlobalSection(SolutionProperties) = preSolution
		HideSolutionNode = FALSE
	EndGlobalSection
	GlobalSection(ExtensibilityGlobals) = postSolution
		SolutionGuid = {9753BA8B-7160-47B7-8679-ECD1DC7480F0}
	EndGlobalSection
EndGlobal
